// !$*UTF8*$!
{
	archiveVersion = 1;
	classes = {
	};
	objectVersion = 50;
	objects = {

/* Begin PBXBuildFile section */
		D6BF68BF25428F1E00F2601E /* AppDelegate.swift in Sources */ = {isa = PBXBuildFile; fileRef = D6BF68BE25428F1E00F2601E /* AppDelegate.swift */; };
		D6BF68C125428F1E00F2601E /* SceneDelegate.swift in Sources */ = {isa = PBXBuildFile; fileRef = D6BF68C025428F1E00F2601E /* SceneDelegate.swift */; };
		D6BF68C325428F1E00F2601E /* ViewController.swift in Sources */ = {isa = PBXBuildFile; fileRef = D6BF68C225428F1E00F2601E /* ViewController.swift */; };
		D6BF68C625428F1E00F2601E /* Main.storyboard in Resources */ = {isa = PBXBuildFile; fileRef = D6BF68C425428F1E00F2601E /* Main.storyboard */; };
		D6BF68C825428F1F00F2601E /* Assets.xcassets in Resources */ = {isa = PBXBuildFile; fileRef = D6BF68C725428F1F00F2601E /* Assets.xcassets */; };
		D6BF68CB25428F1F00F2601E /* LaunchScreen.storyboard in Resources */ = {isa = PBXBuildFile; fileRef = D6BF68C925428F1F00F2601E /* LaunchScreen.storyboard */; };
		D6BF68D4254294A000F2601E /* Extensions.swift in Sources */ = {isa = PBXBuildFile; fileRef = D6BF68D3254294A000F2601E /* Extensions.swift */; };
		D6BF68D7254295CE00F2601E /* DropDownCell.swift in Sources */ = {isa = PBXBuildFile; fileRef = D6BF68D6254295CE00F2601E /* DropDownCell.swift */; };
/* End PBXBuildFile section */

/* Begin PBXFileReference section */
		D6BF68BB25428F1E00F2601E /* DropDownMenuTutorial.app */ = {isa = PBXFileReference; explicitFileType = wrapper.application; includeInIndex = 0; path = DropDownMenuTutorial.app; sourceTree = BUILT_PRODUCTS_DIR; };
		D6BF68BE25428F1E00F2601E /* AppDelegate.swift */ = {isa = PBXFileReference; lastKnownFileType = sourcecode.swift; path = AppDelegate.swift; sourceTree = "<group>"; };
		D6BF68C025428F1E00F2601E /* SceneDelegate.swift */ = {isa = PBXFileReference; lastKnownFileType = sourcecode.swift; path = SceneDelegate.swift; sourceTree = "<group>"; };
		D6BF68C225428F1E00F2601E /* ViewController.swift */ = {isa = PBXFileReference; lastKnownFileType = sourcecode.swift; path = ViewController.swift; sourceTree = "<group>"; };
		D6BF68C525428F1E00F2601E /* Base */ = {isa = PBXFileReference; lastKnownFileType = file.storyboard; name = Base; path = Base.lproj/Main.storyboard; sourceTree = "<group>"; };
		D6BF68C725428F1F00F2601E /* Assets.xcassets */ = {isa = PBXFileReference; lastKnownFileType = folder.assetcatalog; path = Assets.xcassets; sourceTree = "<group>"; };
		D6BF68CA25428F1F00F2601E /* Base */ = {isa = PBXFileReference; lastKnownFileType = file.storyboard; name = Base; path = Base.lproj/LaunchScreen.storyboard; sourceTree = "<group>"; };
		D6BF68CC25428F1F00F2601E /* Info.plist */ = {isa = PBXFileReference; lastKnownFileType = text.plist.xml; path = Info.plist; sourceTree = "<group>"; };
		D6BF68D3254294A000F2601E /* Extensions.swift */ = {isa = PBXFileReference; lastKnownFileType = sourcecode.swift; path = Extensions.swift; sourceTree = "<group>"; };
		D6BF68D6254295CE00F2601E /* DropDownCell.swift */ = {isa = PBXFileReference; lastKnownFileType = sourcecode.swift; path = DropDownCell.swift; sourceTree = "<group>"; };
/* End PBXFileReference section */

/* Begin PBXFrameworksBuildPhase section */
		D6BF68B825428F1E00F2601E /* Frameworks */ = {
			isa = PBXFrameworksBuildPhase;
			buildActionMask = 2147483647;
			files = (
			);
			runOnlyForDeploymentPostprocessing = 0;
		};
/* End PBXFrameworksBuildPhase section */

/* Begin PBXGroup section */
		D6BF68B225428F1E00F2601E = {
			isa = PBXGroup;
			children = (
				D6BF68BD25428F1E00F2601E /* DropDownMenuTutorial */,
				D6BF68BC25428F1E00F2601E /* Products */,
			);
			sourceTree = "<group>";
		};
		D6BF68BC25428F1E00F2601E /* Products */ = {
			isa = PBXGroup;
			children = (
				D6BF68BB25428F1E00F2601E /* DropDownMenuTutorial.app */,
			);
			name = Products;
			sourceTree = "<group>";
		};
		D6BF68BD25428F1E00F2601E /* DropDownMenuTutorial */ = {
			isa = PBXGroup;
			children = (
				D6BF68BE25428F1E00F2601E /* AppDelegate.swift */,
				D6BF68C025428F1E00F2601E /* SceneDelegate.swift */,
				D6BF68C225428F1E00F2601E /* ViewController.swift */,
				D6BF68C425428F1E00F2601E /* Main.storyboard */,
				D6BF68C725428F1F00F2601E /* Assets.xcassets */,
				D6BF68C925428F1F00F2601E /* LaunchScreen.storyboard */,
				D6BF68CC25428F1F00F2601E /* Info.plist */,
				D6BF68D3254294A000F2601E /* Extensions.swift */,
				D6BF68D6254295CE00F2601E /* DropDownCell.swift */,
			);
			path = DropDownMenuTutorial;
			sourceTree = "<group>";
		};
/* End PBXGroup section */

/* Begin PBXNativeTarget section */
		D6BF68BA25428F1E00F2601E /* DropDownMenuTutorial */ = {
			isa = PBXNativeTarget;
			buildConfigurationList = D6BF68CF25428F1F00F2601E /* Build configuration list for PBXNativeTarget "DropDownMenuTutorial" */;
			buildPhases = (
				D6BF68B725428F1E00F2601E /* Sources */,
				D6BF68B825428F1E00F2601E /* Frameworks */,
				D6BF68B925428F1E00F2601E /* Resources */,
			);
			buildRules = (
			);
			dependencies = (
			);
			name = DropDownMenuTutorial;
			productName = DropDownMenuTutorial;
			productReference = D6BF68BB25428F1E00F2601E /* DropDownMenuTutorial.app */;
			productType = "com.apple.product-type.application";
		};
/* End PBXNativeTarget section */

/* Begin PBXProject section */
		D6BF68B325428F1E00F2601E /* Project object */ = {
			isa = PBXProject;
			attributes = {
				LastSwiftUpdateCheck = 1210;
				LastUpgradeCheck = 1210;
				TargetAttributes = {
					D6BF68BA25428F1E00F2601E = {
						CreatedOnToolsVersion = 12.1;
					};
				};
			};
			buildConfigurationList = D6BF68B625428F1E00F2601E /* Build configuration list for PBXProject "DropDownMenuTutorial" */;
			compatibilityVersion = "Xcode 9.3";
			developmentRegion = en;
			hasScannedForEncodings = 0;
			knownRegions = (
				en,
				Base,
			);
			mainGroup = D6BF68B225428F1E00F2601E;
			productRefGroup = D6BF68BC25428F1E00F2601E /* Products */;
			projectDirPath = "";
			projectRoot = "";
			targets = (
				D6BF68BA25428F1E00F2601E /* DropDownMenuTutorial */,
			);
		};
/* End PBXProject section */

/* Begin PBXResourcesBuildPhase section */
		D6BF68B925428F1E00F2601E /* Resources */ = {
			isa = PBXResourcesBuildPhase;
			buildActionMask = 2147483647;
			files = (
				D6BF68CB25428F1F00F2601E /* LaunchScreen.storyboard in Resources */,
				D6BF68C825428F1F00F2601E /* Assets.xcassets in Resources */,
				D6BF68C625428F1E00F2601E /* Main.storyboard in Resources */,
			);
			runOnlyForDeploymentPostprocessing = 0;
		};
/* End PBXResourcesBuildPhase section */

/* Begin PBXSourcesBuildPhase section */
		D6BF68B725428F1E00F2601E /* Sources */ = {
			isa = PBXSourcesBuildPhase;
			buildActionMask = 2147483647;
			files = (
				D6BF68D7254295CE00F2601E /* DropDownCell.swift in Sources */,
				D6BF68C325428F1E00F2601E /* ViewController.swift in Sources */,
				D6BF68BF25428F1E00F2601E /* AppDelegate.swift in Sources */,
				D6BF68C125428F1E00F2601E /* SceneDelegate.swift in Sources */,
				D6BF68D4254294A000F2601E /* Extensions.swift in Sources */,
			);
			runOnlyForDeploymentPostprocessing = 0;
		};
/* End PBXSourcesBuildPhase section */

/* Begin PBXVariantGroup section */
		D6BF68C425428F1E00F2601E /* Main.storyboard */ = {
			isa = PBXVariantGroup;
			children = (
				D6BF68C525428F1E00F2601E /* Base */,
			);
			name = Main.storyboard;
			sourceTree = "<group>";
		};
		D6BF68C925428F1F00F2601E /* LaunchScreen.storyboard */ = {
			isa = PBXVariantGroup;
			children = (
				D6BF68CA25428F1F00F2601E /* Base */,
			);
			name = LaunchScreen.storyboard;
			sourceTree = "<group>";
		};
/* End PBXVariantGroup section */

/* Begin XCBuildConfiguration section */
		D6BF68CD25428F1F00F2601E /* Debug */ = {
			isa = XCBuildConfiguration;
			buildSettings = {
				ALWAYS_SEARCH_USER_PATHS = NO;
				CLANG_ANALYZER_NONNULL = YES;
				CLANG_ANALYZER_NUMBER_OBJECT_CONVERSION = YES_AGGRESSIVE;
				CLANG_CXX_LANGUAGE_STANDARD = "gnu++14";
				CLANG_CXX_LIBRARY = "libc++";
				CLANG_ENABLE_MODULES = YES;
				CLANG_ENABLE_OBJC_ARC = YES;
				CLANG_ENABLE_OBJC_WEAK = YES;
				CLANG_WARN_BLOCK_CAPTURE_AUTORELEASING = YES;
				CLANG_WARN_BOOL_CONVERSION = YES;
				CLANG_WARN_COMMA = YES;
				CLANG_WARN_CONSTANT_CONVERSION = YES;
				CLANG_WARN_DEPRECATED_OBJC_IMPLEMENTATIONS = YES;
				CLANG_WARN_DIRECT_OBJC_ISA_USAGE = YES_ERROR;
				CLANG_WARN_DOCUMENTATION_COMMENTS = YES;
				CLANG_WARN_EMPTY_BODY = YES;
				CLANG_WARN_ENUM_CONVERSION = YES;
				CLANG_WARN_INFINITE_RECURSION = YES;
				CLANG_WARN_INT_CONVERSION = YES;
				CLANG_WARN_NON_LITERAL_NULL_CONVERSION = YES;
				CLANG_WARN_OBJC_IMPLICIT_RETAIN_SELF = YES;
				CLANG_WARN_OBJC_LITERAL_CONVERSION = YES;
				CLANG_WARN_OBJC_ROOT_CLASS = YES_ERROR;
				CLANG_WARN_QUOTED_INCLUDE_IN_FRAMEWORK_HEADER = YES;
				CLANG_WARN_RANGE_LOOP_ANALYSIS = YES;
				CLANG_WARN_STRICT_PROTOTYPES = YES;
				CLANG_WARN_SUSPICIOUS_MOVE = YES;
				CLANG_WARN_UNGUARDED_AVAILABILITY = YES_AGGRESSIVE;
				CLANG_WARN_UNREACHABLE_CODE = YES;
				CLANG_WARN__DUPLICATE_METHOD_MATCH = YES;
				COPY_PHASE_STRIP = NO;
				DEBUG_INFORMATION_FORMAT = dwarf;
				ENABLE_STRICT_OBJC_MSGSEND = YES;
				ENABLE_TESTABILITY = YES;
				GCC_C_LANGUAGE_STANDARD = gnu11;
				GCC_DYNAMIC_NO_PIC = NO;
				GCC_NO_COMMON_BLOCKS = YES;
				GCC_OPTIMIZATION_LEVEL = 0;
				GCC_PREPROCESSOR_DEFINITIONS = (
					"DEBUG=1",
					"$(inherited)",
				);
				GCC_WARN_64_TO_32_BIT_CONVERSION = YES;
				GCC_WARN_ABOUT_RETURN_TYPE = YES_ERROR;
				GCC_WARN_UNDECLARED_SELECTOR = YES;
				GCC_WARN_UNINITIALIZED_AUTOS = YES_AGGRESSIVE;
				GCC_WARN_UNUSED_FUNCTION = YES;
				GCC_WARN_UNUSED_VARIABLE = YES;
				IPHONEOS_DEPLOYMENT_TARGET = 14.1;
				MTL_ENABLE_DEBUG_INFO = INCLUDE_SOURCE;
				MTL_FAST_MATH = YES;
				ONLY_ACTIVE_ARCH = YES;
				SDKROOT = iphoneos;
				SWIFT_ACTIVE_COMPILATION_CONDITIONS = DEBUG;
				SWIFT_OPTIMIZATION_LEVEL = "-Onone";
			};
			name = Debug;
		};
		D6BF68CE25428F1F00F2601E /* Release */ = {
			isa = XCBuildConfiguration;
			buildSettings = {
				ALWAYS_SEARCH_USER_PATHS = NO;
				CLANG_ANALYZER_NONNULL = YES;
				CLANG_ANALYZER_NUMBER_OBJECT_CONVERSION = YES_AGGRESSIVE;
				CLANG_CXX_LANGUAGE_STANDARD = "gnu++14";
				CLANG_CXX_LIBRARY = "libc++";
				CLANG_ENABLE_MODULES = YES;
				CLANG_ENABLE_OBJC_ARC = YES;
				CLANG_ENABLE_OBJC_WEAK = YES;
				CLANG_WARN_BLOCK_CAPTURE_AUTORELEASING = YES;
				CLANG_WARN_BOOL_CONVERSION = YES;
				CLANG_WARN_COMMA = YES;
				CLANG_WARN_CONSTANT_CONVERSION = YES;
				CLANG_WARN_DEPRECATED_OBJC_IMPLEMENTATIONS = YES;
				CLANG_WARN_DIRECT_OBJC_ISA_USAGE = YES_ERROR;
				CLANG_WARN_DOCUMENTATION_COMMENTS = YES;
				CLANG_WARN_EMPTY_BODY = YES;
				CLANG_WARN_ENUM_CONVERSION = YES;
				CLANG_WARN_INFINITE_RECURSION = YES;
				CLANG_WARN_INT_CONVERSION = YES;
				CLANG_WARN_NON_LITERAL_NULL_CONVERSION = YES;
				CLANG_WARN_OBJC_IMPLICIT_RETAIN_SELF = YES;
				CLANG_WARN_OBJC_LITERAL_CONVERSION = YES;
				CLANG_WARN_OBJC_ROOT_CLASS = YES_ERROR;
				CLANG_WARN_QUOTED_INCLUDE_IN_FRAMEWORK_HEADER = YES;
				CLANG_WARN_RANGE_LOOP_ANALYSIS = YES;
				CLANG_WARN_STRICT_PROTOTYPES = YES;
				CLANG_WARN_SUSPICIOUS_MOVE = YES;
				CLANG_WARN_UNGUARDED_AVAILABILITY = YES_AGGRESSIVE;
				CLANG_WARN_UNREACHABLE_CODE = YES;
				CLANG_WARN__DUPLICATE_METHOD_MATCH = YES;
				COPY_PHASE_STRIP = NO;
				DEBUG_INFORMATION_FORMAT = "dwarf-with-dsym";
				ENABLE_NS_ASSERTIONS = NO;
				ENABLE_STRICT_OBJC_MSGSEND = YES;
				GCC_C_LANGUAGE_STANDARD = gnu11;
				GCC_NO_COMMON_BLOCKS = YES;
				GCC_WARN_64_TO_32_BIT_CONVERSION = YES;
				GCC_WARN_ABOUT_RETURN_TYPE = YES_ERROR;
				GCC_WARN_UNDECLARED_SELECTOR = YES;
				GCC_WARN_UNINITIALIZED_AUTOS = YES_AGGRESSIVE;
				GCC_WARN_UNUSED_FUNCTION = YES;
				GCC_WARN_UNUSED_VARIABLE = YES;
				IPHONEOS_DEPLOYMENT_TARGET = 14.1;
				MTL_ENABLE_DEBUG_INFO = NO;
				MTL_FAST_MATH = YES;
				SDKROOT = iphoneos;
				SWIFT_COMPILATION_MODE = wholemodule;
				SWIFT_OPTIMIZATION_LEVEL = "-O";
				VALIDATE_PRODUCT = YES;
			};
			name = Release;
		};
		D6BF68D025428F1F00F2601E /* Debug */ = {
			isa = XCBuildConfiguration;
			buildSettings = {
				ASSETCATALOG_COMPILER_APPICON_NAME = AppIcon;
				ASSETCATALOG_COMPILER_GLOBAL_ACCENT_COLOR_NAME = AccentColor;
				CODE_SIGN_STYLE = Automatic;
				DEVELOPMENT_TEAM = ND38VD9UA2;
				INFOPLIST_FILE = DropDownMenuTutorial/Info.plist;
				LD_RUNPATH_SEARCH_PATHS = (
					"$(inherited)",
					"@executable_path/Frameworks",
				);
				PRODUCT_BUNDLE_IDENTIFIER = com.ngodangtan.DropDownMenuTutorial;
				PRODUCT_NAME = "$(TARGET_NAME)";
				SWIFT_VERSION = 5.0;
				TARGETED_DEVICE_FAMILY = "1,2";
			};
			name = Debug;
		};
		D6BF68D125428F1F00F2601E /* Release */ = {
			isa = XCBuildConfiguration;
			buildSettings = {
				ASSETCATALOG_COMPILER_APPICON_NAME = AppIcon;
				ASSETCATALOG_COMPILER_GLOBAL_ACCENT_COLOR_NAME = AccentColor;
				CODE_SIGN_STYLE = Automatic;
				DEVELOPMENT_TEAM = ND38VD9UA2;
				INFOPLIST_FILE = DropDownMenuTutorial/Info.plist;
				LD_RUNPATH_SEARCH_PATHS = (
					"$(inherited)",
					"@executable_path/Frameworks",
				);
				PRODUCT_BUNDLE_IDENTIFIER = com.ngodangtan.DropDownMenuTutorial;
				PRODUCT_NAME = "$(TARGET_NAME)";
				SWIFT_VERSION = 5.0;
				TARGETED_DEVICE_FAMILY = "1,2";
			};
			name = Release;
		};
/* End XCBuildConfiguration section */

/* Begin XCConfigurationList section */
		D6BF68B625428F1E00F2601E /* Build configuration list for PBXProject "DropDownMenuTutorial" */ = {
			isa = XCConfigurationList;
			buildConfigurations = (
				D6BF68CD25428F1F00F2601E /* Debug */,
				D6BF68CE25428F1F00F2601E /* Release */,
			);
			defaultConfigurationIsVisible = 0;
			defaultConfigurationName = Release;
		};
		D6BF68CF25428F1F00F2601E /* Build configuration list for PBXNativeTarget "DropDownMenuTutorial" */ = {
			isa = XCConfigurationList;
			buildConfigurations = (
				D6BF68D025428F1F00F2601E /* Debug */,
				D6BF68D125428F1F00F2601E /* Release */,
			);
			defaultConfigurationIsVisible = 0;
			defaultConfigurationName = Release;
		};
/* End XCConfigurationList section */
	};
	rootObject = D6BF68B325428F1E00F2601E /* Project object */;
}
